
Microsoft Visual Studio Solution File, Format Version 12.00
# Visual Studio Version 17
VisualStudioVersion = 17.2.32630.192
MinimumVisualStudioVersion = 10.0.40219.1
Project("{FAE04EC0-301F-11D3-BF4B-00C04F79EFBC}") = "MyFirstMap", "MyFirstMap\MyFirstMap.csproj", "{34ED5D4D-1469-4FF7-A39C-14819066FCA1}"
EndProject
Global
	GlobalSection(SolutionConfigurationPlatforms) = preSolution
		Debug|Any CPU = Debug|Any CPU
		Release|Any CPU = Release|Any CPU
	EndGlobalSection
	GlobalSection(ProjectConfigurationPlatforms) = postSolution
		{34ED5D4D-1469-4FF7-A39C-14819066FCA1}.Debug|Any CPU.ActiveCfg = Debug|Any CPU
		{34ED5D4D-1469-4FF7-A39C-14819066FCA1}.Debug|Any CPU.Build.0 = Debug|Any CPU
		{34ED5D4D-1469-4FF7-A39C-14819066FCA1}.Release|Any CPU.ActiveCfg = Release|Any CPU
		{34ED5D4D-1469-4FF7-A39C-14819066FCA1}.Release|Any CPU.Build.0 = Release|Any CPU
	EndGlobalSection
	GlobalSection(SolutionProperties) = preSolution
		HideSolutionNode = FALSE
	EndGlobalSection
	GlobalSection(ExtensibilityGlobals) = postSolution
		SolutionGuid = {DB5CFFA7-DAB2-4EBE-90A8-5444A2960974}
	EndGlobalSection
EndGlobal
